<?xml version="1.0" encoding="utf-8"?>
<Project ToolsVersion="4.0" xmlns="http://schemas.microsoft.com/developer/msbuild/2003">
  <ItemGroup>
    <Filter Include="源文件">
      <UniqueIdentifier>{4FC737F1-C7A5-4376-A066-2A32D752A2FF}</UniqueIdentifier>
      <Extensions>cpp;c;cc;cxx;c++;cppm;ixx;def;odl;idl;hpj;bat;asm;asmx</Extensions>
    </Filter>
    <Filter Include="头文件">
      <UniqueIdentifier>{93995380-89BD-4b04-88EB-625FBE52EBFB}</UniqueIdentifier>
      <Extensions>h;hh;hpp;hxx;h++;hm;inl;inc;ipp;xsd</Extensions>
    </Filter>
    <Filter Include="资源文件">
      <UniqueIdentifier>{67DA6AB6-F800-4c08-8B7A-83BB121AAD01}</UniqueIdentifier>
      <Extensions>rc;ico;cur;bmp;dlg;rc2;rct;bin;rgs;gif;jpg;jpeg;jpe;resx;tiff;tif;png;wav;mfcribbon-ms</Extensions>
    </Filter>
    <Filter Include="Networking">
      <UniqueIdentifier>{2cad8f3e-f23e-43a3-bfe6-ff7f024b8245}</UniqueIdentifier>
    </Filter>
    <Filter Include="Realm">
      <UniqueIdentifier>{a2de25ad-74b8-4f2c-a80d-38dddab3d1e9}</UniqueIdentifier>
    </Filter>
    <Filter Include="Packets">
      <UniqueIdentifier>{f447098d-b5fb-4c52-bcb3-e4e1b1d4b8e4}</UniqueIdentifier>
    </Filter>
    <Filter Include="Secrets">
      <UniqueIdentifier>{54508769-955b-4dc4-a624-a487d576bb90}</UniqueIdentifier>
    </Filter>
    <Filter Include="DataStores">
      <UniqueIdentifier>{1d40b123-5b3f-427d-85de-95afe20d6e89}</UniqueIdentifier>
    </Filter>
  </ItemGroup>
  <ItemGroup>
    <ClInclude Include="Networking\AsyncAcceptor.h">
      <Filter>Networking</Filter>
    </ClInclude>
    <ClInclude Include="Networking\NetworkThread.h">
      <Filter>Networking</Filter>
    </ClInclude>
    <ClInclude Include="Networking\Socket.h">
      <Filter>Networking</Filter>
    </ClInclude>
    <ClInclude Include="Networking\SocketMgr.h">
      <Filter>Networking</Filter>
    </ClInclude>
    <ClInclude Include="Realm\Realm.h">
      <Filter>Realm</Filter>
    </ClInclude>
    <ClInclude Include="Realm\RealmList.h">
      <Filter>Realm</Filter>
    </ClInclude>
    <ClInclude Include="Packets\ByteBuffer.h">
      <Filter>Packets</Filter>
    </ClInclude>
    <ClInclude Include="Secrets\SecretMgr.h">
      <Filter>Secrets</Filter>
    </ClInclude>
    <ClInclude Include="SharedDefines.h">
      <Filter>头文件</Filter>
    </ClInclude>
    <ClInclude Include="DataStores\DBCEnums.h">
      <Filter>DataStores</Filter>
    </ClInclude>
  </ItemGroup>
  <ItemGroup>
    <ClCompile Include="Realm\Realm.cpp">
      <Filter>Realm</Filter>
    </ClCompile>
    <ClCompile Include="Realm\RealmList.cpp">
      <Filter>Realm</Filter>
    </ClCompile>
    <ClCompile Include="Packets\ByteBuffer.cpp">
      <Filter>Packets</Filter>
    </ClCompile>
    <ClCompile Include="Secrets\SecretMgr.cpp">
      <Filter>Secrets</Filter>
    </ClCompile>
    <ClCompile Include="SharedDefines.cpp">
      <Filter>源文件</Filter>
    </ClCompile>
  </ItemGroup>
</Project>