<?xml version="1.0" encoding="utf-8"?>
<Project ToolsVersion="4.0" xmlns="http://schemas.microsoft.com/developer/msbuild/2003">
  <ItemGroup>
    <Filter Include="源文件">
      <UniqueIdentifier>{4FC737F1-C7A5-4376-A066-2A32D752A2FF}</UniqueIdentifier>
      <Extensions>cpp;c;cc;cxx;c++;cppm;ixx;def;odl;idl;hpj;bat;asm;asmx</Extensions>
    </Filter>
    <Filter Include="头文件">
      <UniqueIdentifier>{93995380-89BD-4b04-88EB-625FBE52EBFB}</UniqueIdentifier>
      <Extensions>h;hh;hpp;hxx;h++;hm;inl;inc;ipp;xsd</Extensions>
    </Filter>
    <Filter Include="资源文件">
      <UniqueIdentifier>{67DA6AB6-F800-4c08-8B7A-83BB121AAD01}</UniqueIdentifier>
      <Extensions>rc;ico;cur;bmp;dlg;rc2;rct;bin;rgs;gif;jpg;jpeg;jpe;resx;tiff;tif;png;wav;mfcribbon-ms</Extensions>
    </Filter>
    <Filter Include="Database">
      <UniqueIdentifier>{870b769f-d9c4-4f41-b4d7-79286272f706}</UniqueIdentifier>
    </Filter>
    <Filter Include="Database\Implementation">
      <UniqueIdentifier>{22836828-4c3e-40f2-af6d-39630640cd32}</UniqueIdentifier>
    </Filter>
    <Filter Include="Logging">
      <UniqueIdentifier>{59a4ea8e-3c89-4060-8ddb-9bdd7282d0b5}</UniqueIdentifier>
    </Filter>
    <Filter Include="PrecompiledHeaders">
      <UniqueIdentifier>{86ccdb38-e251-49d0-a7dd-8cbe665a646a}</UniqueIdentifier>
    </Filter>
    <Filter Include="Updater">
      <UniqueIdentifier>{79c9a9f6-0f1b-45a1-8dad-636b5445a304}</UniqueIdentifier>
    </Filter>
  </ItemGroup>
  <ItemGroup>
    <ClCompile Include="Database\Implementation\CharacterDatabase.cpp">
      <Filter>Database\Implementation</Filter>
    </ClCompile>
    <ClCompile Include="Database\Implementation\LoginDatabase.cpp">
      <Filter>Database\Implementation</Filter>
    </ClCompile>
    <ClCompile Include="Database\Implementation\WorldDatabase.cpp">
      <Filter>Database\Implementation</Filter>
    </ClCompile>
    <ClCompile Include="Logging\AppenderDB.cpp">
      <Filter>Logging</Filter>
    </ClCompile>
    <ClCompile Include="Database\AdhocStatement.cpp">
      <Filter>Database</Filter>
    </ClCompile>
    <ClCompile Include="Database\DatabaseEnv.cpp">
      <Filter>Database</Filter>
    </ClCompile>
    <ClCompile Include="Database\DatabaseLoader.cpp">
      <Filter>Database</Filter>
    </ClCompile>
    <ClCompile Include="Database\DatabaseWorker.cpp">
      <Filter>Database</Filter>
    </ClCompile>
    <ClCompile Include="Database\DatabaseWorkerPool.cpp">
      <Filter>Database</Filter>
    </ClCompile>
    <ClCompile Include="Database\Field.cpp">
      <Filter>Database</Filter>
    </ClCompile>
    <ClCompile Include="Database\FieldValueConverter.cpp">
      <Filter>Database</Filter>
    </ClCompile>
    <ClCompile Include="Database\MySQLConnection.cpp">
      <Filter>Database</Filter>
    </ClCompile>
    <ClCompile Include="Database\MySQLPreparedStatement.cpp">
      <Filter>Database</Filter>
    </ClCompile>
    <ClCompile Include="Database\MySQLThreading.cpp">
      <Filter>Database</Filter>
    </ClCompile>
    <ClCompile Include="Database\PreparedStatement.cpp">
      <Filter>Database</Filter>
    </ClCompile>
    <ClCompile Include="Database\QueryCallback.cpp">
      <Filter>Database</Filter>
    </ClCompile>
    <ClCompile Include="Database\QueryHolder.cpp">
      <Filter>Database</Filter>
    </ClCompile>
    <ClCompile Include="Database\QueryResult.cpp">
      <Filter>Database</Filter>
    </ClCompile>
    <ClCompile Include="Database\Transaction.cpp">
      <Filter>Database</Filter>
    </ClCompile>
    <ClCompile Include="Updater\DBUpdater.cpp">
      <Filter>Updater</Filter>
    </ClCompile>
    <ClCompile Include="Updater\UpdateFetcher.cpp">
      <Filter>Updater</Filter>
    </ClCompile>
  </ItemGroup>
  <ItemGroup>
    <ClInclude Include="Database\Implementation\CharacterDatabase.h">
      <Filter>Database\Implementation</Filter>
    </ClInclude>
    <ClInclude Include="Database\Implementation\LoginDatabase.h">
      <Filter>Database\Implementation</Filter>
    </ClInclude>
    <ClInclude Include="Database\Implementation\WorldDatabase.h">
      <Filter>Database\Implementation</Filter>
    </ClInclude>
    <ClInclude Include="Logging\AppenderDB.h">
      <Filter>Logging</Filter>
    </ClInclude>
    <ClInclude Include="Database\AdhocStatement.h">
      <Filter>Database</Filter>
    </ClInclude>
    <ClInclude Include="Database\DatabaseEnv.h">
      <Filter>Database</Filter>
    </ClInclude>
    <ClInclude Include="Database\DatabaseEnvFwd.h">
      <Filter>Database</Filter>
    </ClInclude>
    <ClInclude Include="Database\DatabaseLoader.h">
      <Filter>Database</Filter>
    </ClInclude>
    <ClInclude Include="Database\DatabaseWorker.h">
      <Filter>Database</Filter>
    </ClInclude>
    <ClInclude Include="Database\DatabaseWorkerPool.h">
      <Filter>Database</Filter>
    </ClInclude>
    <ClInclude Include="Database\Field.h">
      <Filter>Database</Filter>
    </ClInclude>
    <ClInclude Include="Database\FieldValueConverter.h">
      <Filter>Database</Filter>
    </ClInclude>
    <ClInclude Include="Database\FieldValueConverters.h">
      <Filter>Database</Filter>
    </ClInclude>
    <ClInclude Include="Database\MySQLConnection.h">
      <Filter>Database</Filter>
    </ClInclude>
    <ClInclude Include="Database\MySQLHacks.h">
      <Filter>Database</Filter>
    </ClInclude>
    <ClInclude Include="Database\MySQLPreparedStatement.h">
      <Filter>Database</Filter>
    </ClInclude>
    <ClInclude Include="Database\MySQLThreading.h">
      <Filter>Database</Filter>
    </ClInclude>
    <ClInclude Include="Database\MySQLWorkaround.h">
      <Filter>Database</Filter>
    </ClInclude>
    <ClInclude Include="Database\PreparedStatement.h">
      <Filter>Database</Filter>
    </ClInclude>
    <ClInclude Include="Database\QueryCallback.h">
      <Filter>Database</Filter>
    </ClInclude>
    <ClInclude Include="Database\QueryHolder.h">
      <Filter>Database</Filter>
    </ClInclude>
    <ClInclude Include="Database\QueryResult.h">
      <Filter>Database</Filter>
    </ClInclude>
    <ClInclude Include="Database\SQLOperation.h">
      <Filter>Database</Filter>
    </ClInclude>
    <ClInclude Include="Database\Transaction.h">
      <Filter>Database</Filter>
    </ClInclude>
    <ClInclude Include="Updater\DBUpdater.h">
      <Filter>Updater</Filter>
    </ClInclude>
    <ClInclude Include="Updater\UpdateFetcher.h">
      <Filter>Updater</Filter>
    </ClInclude>
    <ClInclude Include="PrecompiledHeaders\databasePCH.h">
      <Filter>PrecompiledHeaders</Filter>
    </ClInclude>
  </ItemGroup>
</Project>