
Microsoft Visual Studio Solution File, Format Version 12.00
# Visual Studio Version 17
VisualStudioVersion = 17.4.33205.214
MinimumVisualStudioVersion = 10.0.40219.1
Project("{8BC9CEB8-8B4A-11D0-8D11-00A0C91BC942}") = "AuthServer", "AuthServer\AuthServer.vcxproj", "{C7C07F53-0113-4469-8B40-1EB927A0A798}"
	ProjectSection(ProjectDependencies) = postProject
		{1A042474-35E1-4F3E-8FCA-7B9FFE1CB682} = {1A042474-35E1-4F3E-8FCA-7B9FFE1CB682}
		{23E6D58A-3C69-40CF-A06E-C404DEE18150} = {23E6D58A-3C69-40CF-A06E-C404DEE18150}
		{69A50014-88FE-4354-867E-55545D5722C6} = {69A50014-88FE-4354-867E-55545D5722C6}
		{6AAB3A81-CE58-4D70-9968-7D984EFDBA2F} = {6AAB3A81-CE58-4D70-9968-7D984EFDBA2F}
		{F90DA240-A177-448D-9DB9-D8B1EC572323} = {F90DA240-A177-448D-9DB9-D8B1EC572323}
		{FA6AA679-66B7-4B62-91AC-B36D53CB2420} = {FA6AA679-66B7-4B62-91AC-B36D53CB2420}
	EndProjectSection
EndProject
Project("{8BC9CEB8-8B4A-11D0-8D11-00A0C91BC942}") = "fmt", "fmt\fmt.vcxproj", "{6AAB3A81-CE58-4D70-9968-7D984EFDBA2F}"
EndProject
Project("{8BC9CEB8-8B4A-11D0-8D11-00A0C91BC942}") = "Common", "Common\Common.vcxproj", "{FA6AA679-66B7-4B62-91AC-B36D53CB2420}"
	ProjectSection(ProjectDependencies) = postProject
		{23E6D58A-3C69-40CF-A06E-C404DEE18150} = {23E6D58A-3C69-40CF-A06E-C404DEE18150}
		{6AAB3A81-CE58-4D70-9968-7D984EFDBA2F} = {6AAB3A81-CE58-4D70-9968-7D984EFDBA2F}
		{F90DA240-A177-448D-9DB9-D8B1EC572323} = {F90DA240-A177-448D-9DB9-D8B1EC572323}
	EndProjectSection
EndProject
Project("{8BC9CEB8-8B4A-11D0-8D11-00A0C91BC942}") = "sfmt", "sfmt\sfmt.vcxproj", "{F90DA240-A177-448D-9DB9-D8B1EC572323}"
EndProject
Project("{8BC9CEB8-8B4A-11D0-8D11-00A0C91BC942}") = "Shared", "Shared\Shared.vcxproj", "{69A50014-88FE-4354-867E-55545D5722C6}"
	ProjectSection(ProjectDependencies) = postProject
		{23E6D58A-3C69-40CF-A06E-C404DEE18150} = {23E6D58A-3C69-40CF-A06E-C404DEE18150}
		{6AAB3A81-CE58-4D70-9968-7D984EFDBA2F} = {6AAB3A81-CE58-4D70-9968-7D984EFDBA2F}
		{F90DA240-A177-448D-9DB9-D8B1EC572323} = {F90DA240-A177-448D-9DB9-D8B1EC572323}
		{FA6AA679-66B7-4B62-91AC-B36D53CB2420} = {FA6AA679-66B7-4B62-91AC-B36D53CB2420}
	EndProjectSection
EndProject
Project("{2150E333-8FDC-42A3-9474-1A3956D46DE8}") = "3rd", "3rd", "{1865A2C9-A52F-4DDB-A63B-D8BFB6020CF4}"
EndProject
Project("{2150E333-8FDC-42A3-9474-1A3956D46DE8}") = "libs", "libs", "{76D8A58C-9458-484D-B064-1CB4D2E9E1F8}"
EndProject
Project("{8BC9CEB8-8B4A-11D0-8D11-00A0C91BC942}") = "database", "database\database.vcxproj", "{1A042474-35E1-4F3E-8FCA-7B9FFE1CB682}"
	ProjectSection(ProjectDependencies) = postProject
		{23E6D58A-3C69-40CF-A06E-C404DEE18150} = {23E6D58A-3C69-40CF-A06E-C404DEE18150}
		{6AAB3A81-CE58-4D70-9968-7D984EFDBA2F} = {6AAB3A81-CE58-4D70-9968-7D984EFDBA2F}
		{F90DA240-A177-448D-9DB9-D8B1EC572323} = {F90DA240-A177-448D-9DB9-D8B1EC572323}
		{FA6AA679-66B7-4B62-91AC-B36D53CB2420} = {FA6AA679-66B7-4B62-91AC-B36D53CB2420}
	EndProjectSection
EndProject
Project("{8BC9CEB8-8B4A-11D0-8D11-00A0C91BC942}") = "argon2", "argon2\argon2.vcxproj", "{23E6D58A-3C69-40CF-A06E-C404DEE18150}"
EndProject
Global
	GlobalSection(SolutionConfigurationPlatforms) = preSolution
		Debug|x64 = Debug|x64
		Debug|x86 = Debug|x86
		Release|x64 = Release|x64
		Release|x86 = Release|x86
	EndGlobalSection
	GlobalSection(ProjectConfigurationPlatforms) = postSolution
		{C7C07F53-0113-4469-8B40-1EB927A0A798}.Debug|x64.ActiveCfg = Debug|x64
		{C7C07F53-0113-4469-8B40-1EB927A0A798}.Debug|x64.Build.0 = Debug|x64
		{C7C07F53-0113-4469-8B40-1EB927A0A798}.Debug|x86.ActiveCfg = Debug|Win32
		{C7C07F53-0113-4469-8B40-1EB927A0A798}.Debug|x86.Build.0 = Debug|Win32
		{C7C07F53-0113-4469-8B40-1EB927A0A798}.Release|x64.ActiveCfg = Release|x64
		{C7C07F53-0113-4469-8B40-1EB927A0A798}.Release|x64.Build.0 = Release|x64
		{C7C07F53-0113-4469-8B40-1EB927A0A798}.Release|x86.ActiveCfg = Release|Win32
		{C7C07F53-0113-4469-8B40-1EB927A0A798}.Release|x86.Build.0 = Release|Win32
		{6AAB3A81-CE58-4D70-9968-7D984EFDBA2F}.Debug|x64.ActiveCfg = Debug|x64
		{6AAB3A81-CE58-4D70-9968-7D984EFDBA2F}.Debug|x64.Build.0 = Debug|x64
		{6AAB3A81-CE58-4D70-9968-7D984EFDBA2F}.Debug|x86.ActiveCfg = Debug|Win32
		{6AAB3A81-CE58-4D70-9968-7D984EFDBA2F}.Debug|x86.Build.0 = Debug|Win32
		{6AAB3A81-CE58-4D70-9968-7D984EFDBA2F}.Release|x64.ActiveCfg = Release|x64
		{6AAB3A81-CE58-4D70-9968-7D984EFDBA2F}.Release|x64.Build.0 = Release|x64
		{6AAB3A81-CE58-4D70-9968-7D984EFDBA2F}.Release|x86.ActiveCfg = Release|Win32
		{6AAB3A81-CE58-4D70-9968-7D984EFDBA2F}.Release|x86.Build.0 = Release|Win32
		{FA6AA679-66B7-4B62-91AC-B36D53CB2420}.Debug|x64.ActiveCfg = Debug|x64
		{FA6AA679-66B7-4B62-91AC-B36D53CB2420}.Debug|x64.Build.0 = Debug|x64
		{FA6AA679-66B7-4B62-91AC-B36D53CB2420}.Debug|x86.ActiveCfg = Debug|Win32
		{FA6AA679-66B7-4B62-91AC-B36D53CB2420}.Debug|x86.Build.0 = Debug|Win32
		{FA6AA679-66B7-4B62-91AC-B36D53CB2420}.Release|x64.ActiveCfg = Release|x64
		{FA6AA679-66B7-4B62-91AC-B36D53CB2420}.Release|x64.Build.0 = Release|x64
		{FA6AA679-66B7-4B62-91AC-B36D53CB2420}.Release|x86.ActiveCfg = Release|Win32
		{FA6AA679-66B7-4B62-91AC-B36D53CB2420}.Release|x86.Build.0 = Release|Win32
		{F90DA240-A177-448D-9DB9-D8B1EC572323}.Debug|x64.ActiveCfg = Debug|x64
		{F90DA240-A177-448D-9DB9-D8B1EC572323}.Debug|x64.Build.0 = Debug|x64
		{F90DA240-A177-448D-9DB9-D8B1EC572323}.Debug|x86.ActiveCfg = Debug|Win32
		{F90DA240-A177-448D-9DB9-D8B1EC572323}.Debug|x86.Build.0 = Debug|Win32
		{F90DA240-A177-448D-9DB9-D8B1EC572323}.Release|x64.ActiveCfg = Release|x64
		{F90DA240-A177-448D-9DB9-D8B1EC572323}.Release|x64.Build.0 = Release|x64
		{F90DA240-A177-448D-9DB9-D8B1EC572323}.Release|x86.ActiveCfg = Release|Win32
		{F90DA240-A177-448D-9DB9-D8B1EC572323}.Release|x86.Build.0 = Release|Win32
		{69A50014-88FE-4354-867E-55545D5722C6}.Debug|x64.ActiveCfg = Debug|x64
		{69A50014-88FE-4354-867E-55545D5722C6}.Debug|x64.Build.0 = Debug|x64
		{69A50014-88FE-4354-867E-55545D5722C6}.Debug|x86.ActiveCfg = Debug|Win32
		{69A50014-88FE-4354-867E-55545D5722C6}.Debug|x86.Build.0 = Debug|Win32
		{69A50014-88FE-4354-867E-55545D5722C6}.Release|x64.ActiveCfg = Release|x64
		{69A50014-88FE-4354-867E-55545D5722C6}.Release|x64.Build.0 = Release|x64
		{69A50014-88FE-4354-867E-55545D5722C6}.Release|x86.ActiveCfg = Release|Win32
		{69A50014-88FE-4354-867E-55545D5722C6}.Release|x86.Build.0 = Release|Win32
		{1A042474-35E1-4F3E-8FCA-7B9FFE1CB682}.Debug|x64.ActiveCfg = Debug|x64
		{1A042474-35E1-4F3E-8FCA-7B9FFE1CB682}.Debug|x64.Build.0 = Debug|x64
		{1A042474-35E1-4F3E-8FCA-7B9FFE1CB682}.Debug|x86.ActiveCfg = Debug|Win32
		{1A042474-35E1-4F3E-8FCA-7B9FFE1CB682}.Debug|x86.Build.0 = Debug|Win32
		{1A042474-35E1-4F3E-8FCA-7B9FFE1CB682}.Release|x64.ActiveCfg = Release|x64
		{1A042474-35E1-4F3E-8FCA-7B9FFE1CB682}.Release|x64.Build.0 = Release|x64
		{1A042474-35E1-4F3E-8FCA-7B9FFE1CB682}.Release|x86.ActiveCfg = Release|Win32
		{1A042474-35E1-4F3E-8FCA-7B9FFE1CB682}.Release|x86.Build.0 = Release|Win32
		{23E6D58A-3C69-40CF-A06E-C404DEE18150}.Debug|x64.ActiveCfg = Debug|x64
		{23E6D58A-3C69-40CF-A06E-C404DEE18150}.Debug|x64.Build.0 = Debug|x64
		{23E6D58A-3C69-40CF-A06E-C404DEE18150}.Debug|x86.ActiveCfg = Debug|Win32
		{23E6D58A-3C69-40CF-A06E-C404DEE18150}.Debug|x86.Build.0 = Debug|Win32
		{23E6D58A-3C69-40CF-A06E-C404DEE18150}.Release|x64.ActiveCfg = Release|x64
		{23E6D58A-3C69-40CF-A06E-C404DEE18150}.Release|x64.Build.0 = Release|x64
		{23E6D58A-3C69-40CF-A06E-C404DEE18150}.Release|x86.ActiveCfg = Release|Win32
		{23E6D58A-3C69-40CF-A06E-C404DEE18150}.Release|x86.Build.0 = Release|Win32
	EndGlobalSection
	GlobalSection(SolutionProperties) = preSolution
		HideSolutionNode = FALSE
	EndGlobalSection
	GlobalSection(NestedProjects) = preSolution
		{6AAB3A81-CE58-4D70-9968-7D984EFDBA2F} = {1865A2C9-A52F-4DDB-A63B-D8BFB6020CF4}
		{FA6AA679-66B7-4B62-91AC-B36D53CB2420} = {76D8A58C-9458-484D-B064-1CB4D2E9E1F8}
		{F90DA240-A177-448D-9DB9-D8B1EC572323} = {1865A2C9-A52F-4DDB-A63B-D8BFB6020CF4}
		{69A50014-88FE-4354-867E-55545D5722C6} = {76D8A58C-9458-484D-B064-1CB4D2E9E1F8}
		{1A042474-35E1-4F3E-8FCA-7B9FFE1CB682} = {76D8A58C-9458-484D-B064-1CB4D2E9E1F8}
		{23E6D58A-3C69-40CF-A06E-C404DEE18150} = {1865A2C9-A52F-4DDB-A63B-D8BFB6020CF4}
	EndGlobalSection
	GlobalSection(ExtensibilityGlobals) = postSolution
		SolutionGuid = {BD941664-58B7-46F8-83BB-B1E154108F2F}
	EndGlobalSection
EndGlobal
